{
  "name": "@flyme/skynet-db",
  "version": "1.6.9",
  "lockfileVersion": 1,
  "dependencies": {
    "@flyme/skynet-utils": {
      "version": "http://appff.meizu.com:8888/@flyme%2fskynet-utils/-/skynet-utils-1.0.4.tgz",
      "integrity": "sha1-Pj9zsRzZ7VTYmvuYSkbcsYRTmx0="
    },
    "async": {
      "version": "http://172.18.34.100:8888/async/-/async-2.1.4.tgz",
      "integrity": "sha1-LSFgx3iAMuTdbL4lAvH5osj2zeQ="
    },
    "cron-parser": {
      "version": "http://172.17.132.227:8888/cron-parser/-/cron-parser-1.1.0.tgz",
      "integrity": "sha1-B1uExFnBVejEgqtNVq/5na5YNS4="
    },
    "lodash": {
      "version": "http://172.16.16.135:7001/lodash/download/lodash-4.17.4.tgz",
      "integrity": "sha1-eCA6TRwyiuHYbcpkYONptX9AVa4="
    },
    "lodash.get": {
      "version": "4.4.2",
      "resolved": "http://registry.npm.taobao.org/lodash.get/download/lodash.get-4.4.2.tgz",
      "integrity": "sha1-LRd/ZS+jHpObRDjVNBSZ36OCXpk="
    },
    "long-timeout": {
      "version": "http://appff.meizu.com:8888/long-timeout/-/long-timeout-0.1.1.tgz",
      "integrity": "sha1-lyHXiLR+C8taJMLivuGg2lXatRQ="
    },
    "mongoose": {
      "version": "5.1.6",
      "resolved": "http://registry.npm.taobao.org/mongoose/download/mongoose-5.1.6.tgz",
      "integrity": "sha1-r5J2LB4DF8iXQ1WU6D1qWVKHOg4=",
      "dependencies": {
        "async": {
          "version": "2.6.1",
          "resolved": "http://registry.npm.taobao.org/async/download/async-2.6.1.tgz",
          "integrity": "sha1-skWiPKcZMAROxT+kaqAKPofGphA="
        },
        "bluebird": {
          "version": "3.5.0",
          "resolved": "http://registry.npm.taobao.org/bluebird/download/bluebird-3.5.0.tgz",
          "integrity": "sha1-eRQg1/VR7qKJdFOop3ZT+WYG1nw="
        },
        "bson": {
          "version": "1.0.9",
          "resolved": "http://registry.npm.taobao.org/bson/download/bson-1.0.9.tgz",
          "integrity": "sha1-EjGfgyOxJUc5t8a++NPomuBaL1c="
        },
        "debug": {
          "version": "2.6.9",
          "resolved": "http://registry.npm.taobao.org/debug/download/debug-2.6.9.tgz",
          "integrity": "sha1-XRKFFd8TT/Mn6QpMk/Tgd6U2NB8="
        },
        "kareem": {
          "version": "2.2.1",
          "resolved": "http://registry.npm.taobao.org/kareem/download/kareem-2.2.1.tgz",
          "integrity": "sha1-mVCAlBWqPN5iq0O097kZ2ZgW4BU="
        },
        "lodash": {
          "version": "4.17.10",
          "resolved": "http://registry.npm.taobao.org/lodash/download/lodash-4.17.10.tgz",
          "integrity": "sha1-G3eTz3JZ6jj7NmHU04syYK+K5Oc="
        },
        "mongodb": {
          "version": "3.0.10",
          "resolved": "http://registry.npm.taobao.org/mongodb/download/mongodb-3.0.10.tgz",
          "integrity": "sha1-+UjLlZWty/ytdET2skoEC2U7I+g="
        },
        "mongodb-core": {
          "version": "3.0.9",
          "resolved": "http://registry.npm.taobao.org/mongodb-core/download/mongodb-core-3.0.9.tgz",
          "integrity": "sha1-gydBDIiBEBP7PkrHxMZw8yQ0m+E="
        },
        "mpath": {
          "version": "0.4.1",
          "resolved": "http://registry.npm.taobao.org/mpath/download/mpath-0.4.1.tgz",
          "integrity": "sha1-7RA4hDA4C/e7tb4TkeXWlpywjok="
        },
        "mquery": {
          "version": "3.0.0",
          "resolved": "http://registry.npm.taobao.org/mquery/download/mquery-3.0.0.tgz",
          "integrity": "sha1-5fOH26vAubaYWeVQ6BD6q+DOq7A=",
          "dependencies": {
            "sliced": {
              "version": "0.0.5",
              "resolved": "http://registry.npm.taobao.org/sliced/download/sliced-0.0.5.tgz",
              "integrity": "sha1-XtwETKTrb3gW1Qui/GPiXY/kcH8="
            }
          }
        },
        "ms": {
          "version": "2.0.0",
          "resolved": "http://registry.npm.taobao.org/ms/download/ms-2.0.0.tgz",
          "integrity": "sha1-VgiurfwAvmwpAd9fmGF4jeDVl8g="
        },
        "require_optional": {
          "version": "1.0.1",
          "resolved": "http://registry.npm.taobao.org/require_optional/download/require_optional-1.0.1.tgz",
          "integrity": "sha1-TPNaQkf2TKPfjC7yCMxJSxyo/C4="
        }
      }
    },
    "mongoose-legacy-pluralize": {
      "version": "1.0.2",
      "resolved": "http://registry.npm.taobao.org/mongoose-legacy-pluralize/download/mongoose-legacy-pluralize-1.0.2.tgz",
      "integrity": "sha1-O6n5H6UHtRhtOZ+0CFS/8Y+1Y+Q="
    },
    "node-schedule": {
      "version": "http://appff.meizu.com:8888/node-schedule/-/node-schedule-1.2.1.tgz",
      "integrity": "sha1-iACzTQzOsP8DGEMu+fILJJljDjY="
    },
    "regexp-clone": {
      "version": "http://172.17.132.227:8888/regexp-clone/-/regexp-clone-0.0.1.tgz",
      "integrity": "sha1-p8LgmJH9vzj7sQ03b7cwA+aKxYk="
    },
    "resolve-from": {
      "version": "http://172.17.132.227:8888/resolve-from/-/resolve-from-2.0.0.tgz",
      "integrity": "sha1-lICrIOlP+h2egKgEx+oUdhGWa1c="
    },
    "semver": {
      "version": "http://172.17.132.227:8888/semver/-/semver-5.3.0.tgz",
      "integrity": "sha1-myzl094C0XxgEq0yaqa00M9U+U8="
    },
    "sliced": {
      "version": "http://172.17.132.227:8888/sliced/-/sliced-1.0.1.tgz",
      "integrity": "sha1-CzpmK10Ewxd7GSa+qCsD+Dei70E="
    },
    "sorted-array-functions": {
      "version": "http://appff.meizu.com:8888/sorted-array-functions/-/sorted-array-functions-1.0.0.tgz",
      "integrity": "sha1-wLVU2ecJr/y+VtNMGyUUGX/Tgnk="
    }
  }
}
